{
  "version": 1,
  "dependencies": {
    "net8.0-windows7.0": {
      "Microsoft.Web.WebView2": {
        "type": "Direct",
        "requested": "[1.0.4191.47, )",
        "resolved": "1.0.4191.47",
        "contentHash": "Snb6mlTpuz6ZFjWMwIdg28Xp6kAUMy3zaLUyGbFSaw+/AJKlwoX8EiaWJ1eUMfKyJHksPkFjJHl1LIB7kX+0AQ=="
      }
    }
  }
}